// !$*UTF8*$!
{
	archiveVersion = 1;
	classes = {
	};
	objectVersion = 56;
	objects = {

/* Begin PBXBuildFile section */
		D11D50E52920DB16003DED16 /* Extensions.swift in Sources */ = {isa = PBXBuildFile; fileRef = D11D50E42920DB16003DED16 /* Extensions.swift */; };
		D11D50E72920DEDB003DED16 /* Constants.swift in Sources */ = {isa = PBXBuildFile; fileRef = D11D50E62920DEDB003DED16 /* Constants.swift */; };
		D11D50E92920E363003DED16 /* LoginRouter.swift in Sources */ = {isa = PBXBuildFile; fileRef = D11D50E82920E363003DED16 /* LoginRouter.swift */; };
		D11D50EC2920E3E7003DED16 /* LoginProtocol.swift in Sources */ = {isa = PBXBuildFile; fileRef = D11D50EB2920E3E7003DED16 /* LoginProtocol.swift */; };
		D11D50EE2920E744003DED16 /* LoginPresenter.swift in Sources */ = {isa = PBXBuildFile; fileRef = D11D50ED2920E744003DED16 /* LoginPresenter.swift */; };
		D11D50F02920E768003DED16 /* LoginInteractor.swift in Sources */ = {isa = PBXBuildFile; fileRef = D11D50EF2920E768003DED16 /* LoginInteractor.swift */; };
		D11D51062920FE3B003DED16 /* TMDB.storyboard in Resources */ = {isa = PBXBuildFile; fileRef = D11D51052920FE3B003DED16 /* TMDB.storyboard */; };
		D11D51072920FE6D003DED16 /* Localizable.strings in Resources */ = {isa = PBXBuildFile; fileRef = D11D51092920FE6D003DED16 /* Localizable.strings */; };
		D11D51142921219C003DED16 /* MovieListViewController.swift in Sources */ = {isa = PBXBuildFile; fileRef = D11D51132921219C003DED16 /* MovieListViewController.swift */; };
		D11D5116292121A9003DED16 /* MovieListInteractor.swift in Sources */ = {isa = PBXBuildFile; fileRef = D11D5115292121A9003DED16 /* MovieListInteractor.swift */; };
		D11D5118292121B7003DED16 /* MovieListPresenter.swift in Sources */ = {isa = PBXBuildFile; fileRef = D11D5117292121B7003DED16 /* MovieListPresenter.swift */; };
		D11D511A292121CA003DED16 /* MovieListEntity.swift in Sources */ = {isa = PBXBuildFile; fileRef = D11D5119292121CA003DED16 /* MovieListEntity.swift */; };
		D11D511C292121D4003DED16 /* MovieListRouter.swift in Sources */ = {isa = PBXBuildFile; fileRef = D11D511B292121D4003DED16 /* MovieListRouter.swift */; };
		D11D511E2921228E003DED16 /* MovieListProtocol.swift in Sources */ = {isa = PBXBuildFile; fileRef = D11D511D2921228E003DED16 /* MovieListProtocol.swift */; };
		D14A7D7529212E29007C7F5E /* MovieListTableViewCell.swift in Sources */ = {isa = PBXBuildFile; fileRef = D14A7D7329212E29007C7F5E /* MovieListTableViewCell.swift */; };
		D175A00C2920BE8A00720A3A /* LoginViewController.swift in Sources */ = {isa = PBXBuildFile; fileRef = D175A00B2920BE8A00720A3A /* LoginViewController.swift */; };
		D1ACF2E5291F9000008F65C9 /* AppDelegate.swift in Sources */ = {isa = PBXBuildFile; fileRef = D1ACF2E4291F9000008F65C9 /* AppDelegate.swift */; };
		D1ACF2E7291F9000008F65C9 /* SceneDelegate.swift in Sources */ = {isa = PBXBuildFile; fileRef = D1ACF2E6291F9000008F65C9 /* SceneDelegate.swift */; };
		D1ACF2EF291F9000008F65C9 /* MovieProject.xcdatamodeld in Sources */ = {isa = PBXBuildFile; fileRef = D1ACF2ED291F9000008F65C9 /* MovieProject.xcdatamodeld */; };
		D1ACF2F1291F9001008F65C9 /* Assets.xcassets in Resources */ = {isa = PBXBuildFile; fileRef = D1ACF2F0291F9001008F65C9 /* Assets.xcassets */; };
		D1ACF2F4291F9001008F65C9 /* LaunchScreen.storyboard in Resources */ = {isa = PBXBuildFile; fileRef = D1ACF2F2291F9001008F65C9 /* LaunchScreen.storyboard */; };
		D1CB024C29212E54000BF1FA /* MovieListTableViewCell.xib in Resources */ = {isa = PBXBuildFile; fileRef = D1CB024A29212E54000BF1FA /* MovieListTableViewCell.xib */; };
		D1CB0252292191FF000BF1FA /* Spinner.swift in Sources */ = {isa = PBXBuildFile; fileRef = D1CB0251292191FF000BF1FA /* Spinner.swift */; };
		F15365AAEEF6C1AA98408C55 /* Pods_MovieProject.framework in Frameworks */ = {isa = PBXBuildFile; fileRef = A77CAEA680996FEAD864FA56 /* Pods_MovieProject.framework */; };
/* End PBXBuildFile section */

/* Begin PBXFileReference section */
		A77CAEA680996FEAD864FA56 /* Pods_MovieProject.framework */ = {isa = PBXFileReference; explicitFileType = wrapper.framework; includeInIndex = 0; path = Pods_MovieProject.framework; sourceTree = BUILT_PRODUCTS_DIR; };
		B77F80377126C95548EB20C3 /* Pods-MovieProject.debug.xcconfig */ = {isa = PBXFileReference; includeInIndex = 1; lastKnownFileType = text.xcconfig; name = "Pods-MovieProject.debug.xcconfig"; path = "Target Support Files/Pods-MovieProject/Pods-MovieProject.debug.xcconfig"; sourceTree = "<group>"; };
		C167F30D5C3F1C402187FDE2 /* Pods-MovieProject.release.xcconfig */ = {isa = PBXFileReference; includeInIndex = 1; lastKnownFileType = text.xcconfig; name = "Pods-MovieProject.release.xcconfig"; path = "Target Support Files/Pods-MovieProject/Pods-MovieProject.release.xcconfig"; sourceTree = "<group>"; };
		D11D50E42920DB16003DED16 /* Extensions.swift */ = {isa = PBXFileReference; lastKnownFileType = sourcecode.swift; path = Extensions.swift; sourceTree = "<group>"; };
		D11D50E62920DEDB003DED16 /* Constants.swift */ = {isa = PBXFileReference; lastKnownFileType = sourcecode.swift; path = Constants.swift; sourceTree = "<group>"; };
		D11D50E82920E363003DED16 /* LoginRouter.swift */ = {isa = PBXFileReference; lastKnownFileType = sourcecode.swift; path = LoginRouter.swift; sourceTree = "<group>"; };
		D11D50EB2920E3E7003DED16 /* LoginProtocol.swift */ = {isa = PBXFileReference; lastKnownFileType = sourcecode.swift; path = LoginProtocol.swift; sourceTree = "<group>"; };
		D11D50ED2920E744003DED16 /* LoginPresenter.swift */ = {isa = PBXFileReference; lastKnownFileType = sourcecode.swift; path = LoginPresenter.swift; sourceTree = "<group>"; };
		D11D50EF2920E768003DED16 /* LoginInteractor.swift */ = {isa = PBXFileReference; lastKnownFileType = sourcecode.swift; path = LoginInteractor.swift; sourceTree = "<group>"; };
		D11D51052920FE3B003DED16 /* TMDB.storyboard */ = {isa = PBXFileReference; fileEncoding = 4; lastKnownFileType = file.storyboard; path = TMDB.storyboard; sourceTree = "<group>"; };
		D11D51082920FE6D003DED16 /* en */ = {isa = PBXFileReference; lastKnownFileType = text.plist.strings; name = en; path = en.lproj/Localizable.strings; sourceTree = "<group>"; };
		D11D510A2920FE7F003DED16 /* es-419 */ = {isa = PBXFileReference; lastKnownFileType = text.plist.strings; name = "es-419"; path = "es-419.lproj/Localizable.strings"; sourceTree = "<group>"; };
		D11D51132921219C003DED16 /* MovieListViewController.swift */ = {isa = PBXFileReference; lastKnownFileType = sourcecode.swift; path = MovieListViewController.swift; sourceTree = "<group>"; };
		D11D5115292121A9003DED16 /* MovieListInteractor.swift */ = {isa = PBXFileReference; lastKnownFileType = sourcecode.swift; path = MovieListInteractor.swift; sourceTree = "<group>"; };
		D11D5117292121B7003DED16 /* MovieListPresenter.swift */ = {isa = PBXFileReference; lastKnownFileType = sourcecode.swift; path = MovieListPresenter.swift; sourceTree = "<group>"; };
		D11D5119292121CA003DED16 /* MovieListEntity.swift */ = {isa = PBXFileReference; lastKnownFileType = sourcecode.swift; path = MovieListEntity.swift; sourceTree = "<group>"; };
		D11D511B292121D4003DED16 /* MovieListRouter.swift */ = {isa = PBXFileReference; lastKnownFileType = sourcecode.swift; path = MovieListRouter.swift; sourceTree = "<group>"; };
		D11D511D2921228E003DED16 /* MovieListProtocol.swift */ = {isa = PBXFileReference; lastKnownFileType = sourcecode.swift; path = MovieListProtocol.swift; sourceTree = "<group>"; };
		D14A7D7329212E29007C7F5E /* MovieListTableViewCell.swift */ = {isa = PBXFileReference; lastKnownFileType = sourcecode.swift; path = MovieListTableViewCell.swift; sourceTree = "<group>"; };
		D175A00B2920BE8A00720A3A /* LoginViewController.swift */ = {isa = PBXFileReference; lastKnownFileType = sourcecode.swift; path = LoginViewController.swift; sourceTree = "<group>"; };
		D1ACF2E1291F9000008F65C9 /* MovieProject.app */ = {isa = PBXFileReference; explicitFileType = wrapper.application; includeInIndex = 0; path = MovieProject.app; sourceTree = BUILT_PRODUCTS_DIR; };
		D1ACF2E4291F9000008F65C9 /* AppDelegate.swift */ = {isa = PBXFileReference; lastKnownFileType = sourcecode.swift; path = AppDelegate.swift; sourceTree = "<group>"; };
		D1ACF2E6291F9000008F65C9 /* SceneDelegate.swift */ = {isa = PBXFileReference; lastKnownFileType = sourcecode.swift; path = SceneDelegate.swift; sourceTree = "<group>"; };
		D1ACF2EE291F9000008F65C9 /* MovieProject.xcdatamodel */ = {isa = PBXFileReference; lastKnownFileType = wrapper.xcdatamodel; path = MovieProject.xcdatamodel; sourceTree = "<group>"; };
		D1ACF2F0291F9001008F65C9 /* Assets.xcassets */ = {isa = PBXFileReference; lastKnownFileType = folder.assetcatalog; path = Assets.xcassets; sourceTree = "<group>"; };
		D1ACF2F3291F9001008F65C9 /* Base */ = {isa = PBXFileReference; lastKnownFileType = file.storyboard; name = Base; path = Base.lproj/LaunchScreen.storyboard; sourceTree = "<group>"; };
		D1ACF2F5291F9001008F65C9 /* Info.plist */ = {isa = PBXFileReference; lastKnownFileType = text.plist.xml; path = Info.plist; sourceTree = "<group>"; };
		D1CB024A29212E54000BF1FA /* MovieListTableViewCell.xib */ = {isa = PBXFileReference; lastKnownFileType = file.xib; name = MovieListTableViewCell.xib; path = TMDB/Login/View/MovieListTableViewCell.xib; sourceTree = "<group>"; };
		D1CB0251292191FF000BF1FA /* Spinner.swift */ = {isa = PBXFileReference; lastKnownFileType = sourcecode.swift; path = Spinner.swift; sourceTree = "<group>"; };
/* End PBXFileReference section */

/* Begin PBXFrameworksBuildPhase section */
		D1ACF2DE291F9000008F65C9 /* Frameworks */ = {
			isa = PBXFrameworksBuildPhase;
			buildActionMask = 2147483647;
			files = (
				F15365AAEEF6C1AA98408C55 /* Pods_MovieProject.framework in Frameworks */,
			);
			runOnlyForDeploymentPostprocessing = 0;
		};
/* End PBXFrameworksBuildPhase section */

/* Begin PBXGroup section */
		352607310F97B3D51C78B74C /* Frameworks */ = {
			isa = PBXGroup;
			children = (
				A77CAEA680996FEAD864FA56 /* Pods_MovieProject.framework */,
			);
			name = Frameworks;
			sourceTree = "<group>";
		};
		4FF85909BE6CAAA43FF0A3F1 /* Pods */ = {
			isa = PBXGroup;
			children = (
				B77F80377126C95548EB20C3 /* Pods-MovieProject.debug.xcconfig */,
				C167F30D5C3F1C402187FDE2 /* Pods-MovieProject.release.xcconfig */,
			);
			path = Pods;
			sourceTree = "<group>";
		};
		D11D50E12920D9C3003DED16 /* Extra */ = {
			isa = PBXGroup;
			children = (
				D11D50E42920DB16003DED16 /* Extensions.swift */,
				D11D50E62920DEDB003DED16 /* Constants.swift */,
				D1CB0251292191FF000BF1FA /* Spinner.swift */,
			);
			path = Extra;
			sourceTree = "<group>";
		};
		D11D50EA2920E371003DED16 /* Protocol */ = {
			isa = PBXGroup;
			children = (
				D11D50EB2920E3E7003DED16 /* LoginProtocol.swift */,
			);
			path = Protocol;
			sourceTree = "<group>";
		};
		D11D510D29211F9C003DED16 /* MovieList */ = {
			isa = PBXGroup;
			children = (
				D11D511F29212293003DED16 /* Protocol */,
				D11D511229211FC0003DED16 /* Router */,
				D11D511129211FB8003DED16 /* Entity */,
				D11D511029211FB3003DED16 /* Presenter */,
				D11D510F29211FAC003DED16 /* Interactor */,
				D11D510E29211FA3003DED16 /* View */,
			);
			path = MovieList;
			sourceTree = "<group>";
		};
		D11D510E29211FA3003DED16 /* View */ = {
			isa = PBXGroup;
			children = (
				D11D51132921219C003DED16 /* MovieListViewController.swift */,
				D14A7D7329212E29007C7F5E /* MovieListTableViewCell.swift */,
			);
			path = View;
			sourceTree = "<group>";
		};
		D11D510F29211FAC003DED16 /* Interactor */ = {
			isa = PBXGroup;
			children = (
				D11D5115292121A9003DED16 /* MovieListInteractor.swift */,
			);
			path = Interactor;
			sourceTree = "<group>";
		};
		D11D511029211FB3003DED16 /* Presenter */ = {
			isa = PBXGroup;
			children = (
				D11D5117292121B7003DED16 /* MovieListPresenter.swift */,
			);
			path = Presenter;
			sourceTree = "<group>";
		};
		D11D511129211FB8003DED16 /* Entity */ = {
			isa = PBXGroup;
			children = (
				D11D5119292121CA003DED16 /* MovieListEntity.swift */,
			);
			path = Entity;
			sourceTree = "<group>";
		};
		D11D511229211FC0003DED16 /* Router */ = {
			isa = PBXGroup;
			children = (
				D11D511B292121D4003DED16 /* MovieListRouter.swift */,
			);
			path = Router;
			sourceTree = "<group>";
		};
		D11D511F29212293003DED16 /* Protocol */ = {
			isa = PBXGroup;
			children = (
				D11D511D2921228E003DED16 /* MovieListProtocol.swift */,
			);
			path = Protocol;
			sourceTree = "<group>";
		};
		D175A0042920BDF600720A3A /* TMDB */ = {
			isa = PBXGroup;
			children = (
				D11D50E12920D9C3003DED16 /* Extra */,
				D11D510D29211F9C003DED16 /* MovieList */,
				D175A0052920BE0A00720A3A /* Login */,
			);
			path = TMDB;
			sourceTree = "<group>";
		};
		D175A0052920BE0A00720A3A /* Login */ = {
			isa = PBXGroup;
			children = (
				D11D50EA2920E371003DED16 /* Protocol */,
				D175A00A2920BE6400720A3A /* Router */,
				D175A0092920BE4D00720A3A /* Entity */,
				D175A0082920BE4700720A3A /* Presenter */,
				D175A0072920BE3D00720A3A /* Interactor */,
				D175A0062920BE3100720A3A /* View */,
			);
			path = Login;
			sourceTree = "<group>";
		};
		D175A0062920BE3100720A3A /* View */ = {
			isa = PBXGroup;
			children = (
				D175A00B2920BE8A00720A3A /* LoginViewController.swift */,
			);
			path = View;
			sourceTree = "<group>";
		};
		D175A0072920BE3D00720A3A /* Interactor */ = {
			isa = PBXGroup;
			children = (
				D11D50EF2920E768003DED16 /* LoginInteractor.swift */,
			);
			path = Interactor;
			sourceTree = "<group>";
		};
		D175A0082920BE4700720A3A /* Presenter */ = {
			isa = PBXGroup;
			children = (
				D11D50ED2920E744003DED16 /* LoginPresenter.swift */,
			);
			path = Presenter;
			sourceTree = "<group>";
		};
		D175A0092920BE4D00720A3A /* Entity */ = {
			isa = PBXGroup;
			children = (
			);
			path = Entity;
			sourceTree = "<group>";
		};
		D175A00A2920BE6400720A3A /* Router */ = {
			isa = PBXGroup;
			children = (
				D11D50E82920E363003DED16 /* LoginRouter.swift */,
			);
			path = Router;
			sourceTree = "<group>";
		};
		D175A0102920BFBD00720A3A /* Resources */ = {
			isa = PBXGroup;
			children = (
				D1CB024A29212E54000BF1FA /* MovieListTableViewCell.xib */,
				D11D51052920FE3B003DED16 /* TMDB.storyboard */,
				D1ACF2F0291F9001008F65C9 /* Assets.xcassets */,
				D1ACF2F2291F9001008F65C9 /* LaunchScreen.storyboard */,
				D1ACF2F5291F9001008F65C9 /* Info.plist */,
				D1ACF2ED291F9000008F65C9 /* MovieProject.xcdatamodeld */,
				D11D51092920FE6D003DED16 /* Localizable.strings */,
			);
			name = Resources;
			sourceTree = "<group>";
		};
		D1ACF2D8291F9000008F65C9 = {
			isa = PBXGroup;
			children = (
				D1ACF2E3291F9000008F65C9 /* MovieProject */,
				D1ACF2E2291F9000008F65C9 /* Products */,
				4FF85909BE6CAAA43FF0A3F1 /* Pods */,
				352607310F97B3D51C78B74C /* Frameworks */,
			);
			sourceTree = "<group>";
		};
		D1ACF2E2291F9000008F65C9 /* Products */ = {
			isa = PBXGroup;
			children = (
				D1ACF2E1291F9000008F65C9 /* MovieProject.app */,
			);
			name = Products;
			sourceTree = "<group>";
		};
		D1ACF2E3291F9000008F65C9 /* MovieProject */ = {
			isa = PBXGroup;
			children = (
				D1ACF2E4291F9000008F65C9 /* AppDelegate.swift */,
				D1ACF2E6291F9000008F65C9 /* SceneDelegate.swift */,
				D175A0042920BDF600720A3A /* TMDB */,
				D175A0102920BFBD00720A3A /* Resources */,
			);
			path = MovieProject;
			sourceTree = "<group>";
		};
/* End PBXGroup section */

/* Begin PBXNativeTarget section */
		D1ACF2E0291F9000008F65C9 /* MovieProject */ = {
			isa = PBXNativeTarget;
			buildConfigurationList = D1ACF2F8291F9001008F65C9 /* Build configuration list for PBXNativeTarget "MovieProject" */;
			buildPhases = (
				8BB5E2E85C0B6D20DF782836 /* [CP] Check Pods Manifest.lock */,
				D1ACF2DD291F9000008F65C9 /* Sources */,
				D1ACF2DE291F9000008F65C9 /* Frameworks */,
				D1ACF2DF291F9000008F65C9 /* Resources */,
				FE6D9804218D2B8FE2087E59 /* [CP] Embed Pods Frameworks */,
			);
			buildRules = (
			);
			dependencies = (
			);
			name = MovieProject;
			productName = MovieProject;
			productReference = D1ACF2E1291F9000008F65C9 /* MovieProject.app */;
			productType = "com.apple.product-type.application";
		};
/* End PBXNativeTarget section */

/* Begin PBXProject section */
		D1ACF2D9291F9000008F65C9 /* Project object */ = {
			isa = PBXProject;
			attributes = {
				BuildIndependentTargetsInParallel = 1;
				LastSwiftUpdateCheck = 1400;
				LastUpgradeCheck = 1400;
				TargetAttributes = {
					D1ACF2E0291F9000008F65C9 = {
						CreatedOnToolsVersion = 14.0;
					};
				};
			};
			buildConfigurationList = D1ACF2DC291F9000008F65C9 /* Build configuration list for PBXProject "MovieProject" */;
			compatibilityVersion = "Xcode 14.0";
			developmentRegion = en;
			hasScannedForEncodings = 0;
			knownRegions = (
				en,
				Base,
				"es-419",
			);
			mainGroup = D1ACF2D8291F9000008F65C9;
			productRefGroup = D1ACF2E2291F9000008F65C9 /* Products */;
			projectDirPath = "";
			projectRoot = "";
			targets = (
				D1ACF2E0291F9000008F65C9 /* MovieProject */,
			);
		};
/* End PBXProject section */

/* Begin PBXResourcesBuildPhase section */
		D1ACF2DF291F9000008F65C9 /* Resources */ = {
			isa = PBXResourcesBuildPhase;
			buildActionMask = 2147483647;
			files = (
				D1ACF2F4291F9001008F65C9 /* LaunchScreen.storyboard in Resources */,
				D1CB024C29212E54000BF1FA /* MovieListTableViewCell.xib in Resources */,
				D11D51062920FE3B003DED16 /* TMDB.storyboard in Resources */,
				D11D51072920FE6D003DED16 /* Localizable.strings in Resources */,
				D1ACF2F1291F9001008F65C9 /* Assets.xcassets in Resources */,
			);
			runOnlyForDeploymentPostprocessing = 0;
		};
/* End PBXResourcesBuildPhase section */

/* Begin PBXShellScriptBuildPhase section */
		8BB5E2E85C0B6D20DF782836 /* [CP] Check Pods Manifest.lock */ = {
			isa = PBXShellScriptBuildPhase;
			buildActionMask = 2147483647;
			files = (
			);
			inputFileListPaths = (
			);
			inputPaths = (
				"${PODS_PODFILE_DIR_PATH}/Podfile.lock",
				"${PODS_ROOT}/Manifest.lock",
			);
			name = "[CP] Check Pods Manifest.lock";
			outputFileListPaths = (
			);
			outputPaths = (
				"$(DERIVED_FILE_DIR)/Pods-MovieProject-checkManifestLockResult.txt",
			);
			runOnlyForDeploymentPostprocessing = 0;
			shellPath = /bin/sh;
			shellScript = "diff \"${PODS_PODFILE_DIR_PATH}/Podfile.lock\" \"${PODS_ROOT}/Manifest.lock\" > /dev/null\nif [ $? != 0 ] ; then\n    # print error to STDERR\n    echo \"error: The sandbox is not in sync with the Podfile.lock. Run 'pod install' or update your CocoaPods installation.\" >&2\n    exit 1\nfi\n# This output is used by Xcode 'outputs' to avoid re-running this script phase.\necho \"SUCCESS\" > \"${SCRIPT_OUTPUT_FILE_0}\"\n";
			showEnvVarsInLog = 0;
		};
		FE6D9804218D2B8FE2087E59 /* [CP] Embed Pods Frameworks */ = {
			isa = PBXShellScriptBuildPhase;
			buildActionMask = 2147483647;
			files = (
			);
			inputFileListPaths = (
				"${PODS_ROOT}/Target Support Files/Pods-MovieProject/Pods-MovieProject-frameworks-${CONFIGURATION}-input-files.xcfilelist",
			);
			name = "[CP] Embed Pods Frameworks";
			outputFileListPaths = (
				"${PODS_ROOT}/Target Support Files/Pods-MovieProject/Pods-MovieProject-frameworks-${CONFIGURATION}-output-files.xcfilelist",
			);
			runOnlyForDeploymentPostprocessing = 0;
			shellPath = /bin/sh;
			shellScript = "\"${PODS_ROOT}/Target Support Files/Pods-MovieProject/Pods-MovieProject-frameworks.sh\"\n";
			showEnvVarsInLog = 0;
		};
/* End PBXShellScriptBuildPhase section */

/* Begin PBXSourcesBuildPhase section */
		D1ACF2DD291F9000008F65C9 /* Sources */ = {
			isa = PBXSourcesBuildPhase;
			buildActionMask = 2147483647;
			files = (
				D11D511E2921228E003DED16 /* MovieListProtocol.swift in Sources */,
				D1CB0252292191FF000BF1FA /* Spinner.swift in Sources */,
				D11D50E52920DB16003DED16 /* Extensions.swift in Sources */,
				D11D50EC2920E3E7003DED16 /* LoginProtocol.swift in Sources */,
				D1ACF2EF291F9000008F65C9 /* MovieProject.xcdatamodeld in Sources */,
				D11D511A292121CA003DED16 /* MovieListEntity.swift in Sources */,
				D11D50EE2920E744003DED16 /* LoginPresenter.swift in Sources */,
				D1ACF2E5291F9000008F65C9 /* AppDelegate.swift in Sources */,
				D14A7D7529212E29007C7F5E /* MovieListTableViewCell.swift in Sources */,
				D175A00C2920BE8A00720A3A /* LoginViewController.swift in Sources */,
				D1ACF2E7291F9000008F65C9 /* SceneDelegate.swift in Sources */,
				D11D5116292121A9003DED16 /* MovieListInteractor.swift in Sources */,
				D11D5118292121B7003DED16 /* MovieListPresenter.swift in Sources */,
				D11D51142921219C003DED16 /* MovieListViewController.swift in Sources */,
				D11D50E92920E363003DED16 /* LoginRouter.swift in Sources */,
				D11D50F02920E768003DED16 /* LoginInteractor.swift in Sources */,
				D11D511C292121D4003DED16 /* MovieListRouter.swift in Sources */,
				D11D50E72920DEDB003DED16 /* Constants.swift in Sources */,
			);
			runOnlyForDeploymentPostprocessing = 0;
		};
/* End PBXSourcesBuildPhase section */

/* Begin PBXVariantGroup section */
		D11D51092920FE6D003DED16 /* Localizable.strings */ = {
			isa = PBXVariantGroup;
			children = (
				D11D51082920FE6D003DED16 /* en */,
				D11D510A2920FE7F003DED16 /* es-419 */,
			);
			name = Localizable.strings;
			sourceTree = "<group>";
		};
		D1ACF2F2291F9001008F65C9 /* LaunchScreen.storyboard */ = {
			isa = PBXVariantGroup;
			children = (
				D1ACF2F3291F9001008F65C9 /* Base */,
			);
			name = LaunchScreen.storyboard;
			sourceTree = "<group>";
		};
/* End PBXVariantGroup section */

/* Begin XCBuildConfiguration section */
		D1ACF2F6291F9001008F65C9 /* Debug */ = {
			isa = XCBuildConfiguration;
			buildSettings = {
				ALWAYS_SEARCH_USER_PATHS = NO;
				CLANG_ANALYZER_LOCALIZABILITY_NONLOCALIZED = YES;
				CLANG_ANALYZER_NONNULL = YES;
				CLANG_ANALYZER_NUMBER_OBJECT_CONVERSION = YES_AGGRESSIVE;
				CLANG_CXX_LANGUAGE_STANDARD = "gnu++20";
				CLANG_ENABLE_MODULES = YES;
				CLANG_ENABLE_OBJC_ARC = YES;
				CLANG_ENABLE_OBJC_WEAK = YES;
				CLANG_WARN_BLOCK_CAPTURE_AUTORELEASING = YES;
				CLANG_WARN_BOOL_CONVERSION = YES;
				CLANG_WARN_COMMA = YES;
				CLANG_WARN_CONSTANT_CONVERSION = YES;
				CLANG_WARN_DEPRECATED_OBJC_IMPLEMENTATIONS = YES;
				CLANG_WARN_DIRECT_OBJC_ISA_USAGE = YES_ERROR;
				CLANG_WARN_DOCUMENTATION_COMMENTS = YES;
				CLANG_WARN_EMPTY_BODY = YES;
				CLANG_WARN_ENUM_CONVERSION = YES;
				CLANG_WARN_INFINITE_RECURSION = YES;
				CLANG_WARN_INT_CONVERSION = YES;
				CLANG_WARN_NON_LITERAL_NULL_CONVERSION = YES;
				CLANG_WARN_OBJC_IMPLICIT_RETAIN_SELF = YES;
				CLANG_WARN_OBJC_LITERAL_CONVERSION = YES;
				CLANG_WARN_OBJC_ROOT_CLASS = YES_ERROR;
				CLANG_WARN_QUOTED_INCLUDE_IN_FRAMEWORK_HEADER = YES;
				CLANG_WARN_RANGE_LOOP_ANALYSIS = YES;
				CLANG_WARN_STRICT_PROTOTYPES = YES;
				CLANG_WARN_SUSPICIOUS_MOVE = YES;
				CLANG_WARN_UNGUARDED_AVAILABILITY = YES_AGGRESSIVE;
				CLANG_WARN_UNREACHABLE_CODE = YES;
				CLANG_WARN__DUPLICATE_METHOD_MATCH = YES;
				COPY_PHASE_STRIP = NO;
				DEBUG_INFORMATION_FORMAT = dwarf;
				ENABLE_STRICT_OBJC_MSGSEND = YES;
				ENABLE_TESTABILITY = YES;
				GCC_C_LANGUAGE_STANDARD = gnu11;
				GCC_DYNAMIC_NO_PIC = NO;
				GCC_NO_COMMON_BLOCKS = YES;
				GCC_OPTIMIZATION_LEVEL = 0;
				GCC_PREPROCESSOR_DEFINITIONS = (
					"DEBUG=1",
					"$(inherited)",
				);
				GCC_WARN_64_TO_32_BIT_CONVERSION = YES;
				GCC_WARN_ABOUT_RETURN_TYPE = YES_ERROR;
				GCC_WARN_UNDECLARED_SELECTOR = YES;
				GCC_WARN_UNINITIALIZED_AUTOS = YES_AGGRESSIVE;
				GCC_WARN_UNUSED_FUNCTION = YES;
				GCC_WARN_UNUSED_VARIABLE = YES;
				INFOPLIST_KEY_NSMainStoryboardFile = "";
				INFOPLIST_KEY_UIMainStoryboardFile = "";
				IPHONEOS_DEPLOYMENT_TARGET = 16.0;
				MTL_ENABLE_DEBUG_INFO = INCLUDE_SOURCE;
				MTL_FAST_MATH = YES;
				ONLY_ACTIVE_ARCH = YES;
				SDKROOT = iphoneos;
				SWIFT_ACTIVE_COMPILATION_CONDITIONS = DEBUG;
				SWIFT_OPTIMIZATION_LEVEL = "-Onone";
			};
			name = Debug;
		};
		D1ACF2F7291F9001008F65C9 /* Release */ = {
			isa = XCBuildConfiguration;
			buildSettings = {
				ALWAYS_SEARCH_USER_PATHS = NO;
				CLANG_ANALYZER_LOCALIZABILITY_NONLOCALIZED = YES;
				CLANG_ANALYZER_NONNULL = YES;
				CLANG_ANALYZER_NUMBER_OBJECT_CONVERSION = YES_AGGRESSIVE;
				CLANG_CXX_LANGUAGE_STANDARD = "gnu++20";
				CLANG_ENABLE_MODULES = YES;
				CLANG_ENABLE_OBJC_ARC = YES;
				CLANG_ENABLE_OBJC_WEAK = YES;
				CLANG_WARN_BLOCK_CAPTURE_AUTORELEASING = YES;
				CLANG_WARN_BOOL_CONVERSION = YES;
				CLANG_WARN_COMMA = YES;
				CLANG_WARN_CONSTANT_CONVERSION = YES;
				CLANG_WARN_DEPRECATED_OBJC_IMPLEMENTATIONS = YES;
				CLANG_WARN_DIRECT_OBJC_ISA_USAGE = YES_ERROR;
				CLANG_WARN_DOCUMENTATION_COMMENTS = YES;
				CLANG_WARN_EMPTY_BODY = YES;
				CLANG_WARN_ENUM_CONVERSION = YES;
				CLANG_WARN_INFINITE_RECURSION = YES;
				CLANG_WARN_INT_CONVERSION = YES;
				CLANG_WARN_NON_LITERAL_NULL_CONVERSION = YES;
				CLANG_WARN_OBJC_IMPLICIT_RETAIN_SELF = YES;
				CLANG_WARN_OBJC_LITERAL_CONVERSION = YES;
				CLANG_WARN_OBJC_ROOT_CLASS = YES_ERROR;
				CLANG_WARN_QUOTED_INCLUDE_IN_FRAMEWORK_HEADER = YES;
				CLANG_WARN_RANGE_LOOP_ANALYSIS = YES;
				CLANG_WARN_STRICT_PROTOTYPES = YES;
				CLANG_WARN_SUSPICIOUS_MOVE = YES;
				CLANG_WARN_UNGUARDED_AVAILABILITY = YES_AGGRESSIVE;
				CLANG_WARN_UNREACHABLE_CODE = YES;
				CLANG_WARN__DUPLICATE_METHOD_MATCH = YES;
				COPY_PHASE_STRIP = NO;
				DEBUG_INFORMATION_FORMAT = "dwarf-with-dsym";
				ENABLE_NS_ASSERTIONS = NO;
				ENABLE_STRICT_OBJC_MSGSEND = YES;
				GCC_C_LANGUAGE_STANDARD = gnu11;
				GCC_NO_COMMON_BLOCKS = YES;
				GCC_WARN_64_TO_32_BIT_CONVERSION = YES;
				GCC_WARN_ABOUT_RETURN_TYPE = YES_ERROR;
				GCC_WARN_UNDECLARED_SELECTOR = YES;
				GCC_WARN_UNINITIALIZED_AUTOS = YES_AGGRESSIVE;
				GCC_WARN_UNUSED_FUNCTION = YES;
				GCC_WARN_UNUSED_VARIABLE = YES;
				INFOPLIST_KEY_NSMainStoryboardFile = "";
				INFOPLIST_KEY_UIMainStoryboardFile = "";
				IPHONEOS_DEPLOYMENT_TARGET = 16.0;
				MTL_ENABLE_DEBUG_INFO = NO;
				MTL_FAST_MATH = YES;
				SDKROOT = iphoneos;
				SWIFT_COMPILATION_MODE = wholemodule;
				SWIFT_OPTIMIZATION_LEVEL = "-O";
				VALIDATE_PRODUCT = YES;
			};
			name = Release;
		};
		D1ACF2F9291F9001008F65C9 /* Debug */ = {
			isa = XCBuildConfiguration;
			baseConfigurationReference = B77F80377126C95548EB20C3 /* Pods-MovieProject.debug.xcconfig */;
			buildSettings = {
				ASSETCATALOG_COMPILER_APPICON_NAME = AppIcon;
				ASSETCATALOG_COMPILER_GLOBAL_ACCENT_COLOR_NAME = AccentColor;
				CODE_SIGN_STYLE = Automatic;
				CURRENT_PROJECT_VERSION = 1;
				DEVELOPMENT_TEAM = JQC7TCA6R5;
				GENERATE_INFOPLIST_FILE = YES;
				INFOPLIST_FILE = MovieProject/Info.plist;
				INFOPLIST_KEY_NSMainStoryboardFile = "";
				INFOPLIST_KEY_UIApplicationSupportsIndirectInputEvents = YES;
				INFOPLIST_KEY_UILaunchStoryboardName = LaunchScreen;
				INFOPLIST_KEY_UIMainStoryboardFile = "";
				INFOPLIST_KEY_UISupportedInterfaceOrientations_iPad = "UIInterfaceOrientationPortrait UIInterfaceOrientationPortraitUpsideDown UIInterfaceOrientationLandscapeLeft UIInterfaceOrientationLandscapeRight";
				INFOPLIST_KEY_UISupportedInterfaceOrientations_iPhone = "UIInterfaceOrientationPortrait UIInterfaceOrientationLandscapeLeft UIInterfaceOrientationLandscapeRight";
				LD_RUNPATH_SEARCH_PATHS = (
					"$(inherited)",
					"@executable_path/Frameworks",
				);
				MARKETING_VERSION = 1.0;
				PRODUCT_BUNDLE_IDENTIFIER = com.indra.movie.MovieProject;
				PRODUCT_NAME = "$(TARGET_NAME)";
				SUPPORTED_PLATFORMS = "iphoneos iphonesimulator";
				SUPPORTS_MACCATALYST = NO;
				SUPPORTS_MAC_DESIGNED_FOR_IPHONE_IPAD = NO;
				SWIFT_EMIT_LOC_STRINGS = YES;
				SWIFT_VERSION = 5.0;
				TARGETED_DEVICE_FAMILY = 1;
			};
			name = Debug;
		};
		D1ACF2FA291F9001008F65C9 /* Release */ = {
			isa = XCBuildConfiguration;
			baseConfigurationReference = C167F30D5C3F1C402187FDE2 /* Pods-MovieProject.release.xcconfig */;
			buildSettings = {
				ASSETCATALOG_COMPILER_APPICON_NAME = AppIcon;
				ASSETCATALOG_COMPILER_GLOBAL_ACCENT_COLOR_NAME = AccentColor;
				CODE_SIGN_STYLE = Automatic;
				CURRENT_PROJECT_VERSION = 1;
				DEVELOPMENT_TEAM = JQC7TCA6R5;
				GENERATE_INFOPLIST_FILE = YES;
				INFOPLIST_FILE = MovieProject/Info.plist;
				INFOPLIST_KEY_NSMainStoryboardFile = "";
				INFOPLIST_KEY_UIApplicationSupportsIndirectInputEvents = YES;
				INFOPLIST_KEY_UILaunchStoryboardName = LaunchScreen;
				INFOPLIST_KEY_UIMainStoryboardFile = "";
				INFOPLIST_KEY_UISupportedInterfaceOrientations_iPad = "UIInterfaceOrientationPortrait UIInterfaceOrientationPortraitUpsideDown UIInterfaceOrientationLandscapeLeft UIInterfaceOrientationLandscapeRight";
				INFOPLIST_KEY_UISupportedInterfaceOrientations_iPhone = "UIInterfaceOrientationPortrait UIInterfaceOrientationLandscapeLeft UIInterfaceOrientationLandscapeRight";
				LD_RUNPATH_SEARCH_PATHS = (
					"$(inherited)",
					"@executable_path/Frameworks",
				);
				MARKETING_VERSION = 1.0;
				PRODUCT_BUNDLE_IDENTIFIER = com.indra.movie.MovieProject;
				PRODUCT_NAME = "$(TARGET_NAME)";
				SUPPORTED_PLATFORMS = "iphoneos iphonesimulator";
				SUPPORTS_MACCATALYST = NO;
				SUPPORTS_MAC_DESIGNED_FOR_IPHONE_IPAD = NO;
				SWIFT_EMIT_LOC_STRINGS = YES;
				SWIFT_VERSION = 5.0;
				TARGETED_DEVICE_FAMILY = 1;
			};
			name = Release;
		};
/* End XCBuildConfiguration section */

/* Begin XCConfigurationList section */
		D1ACF2DC291F9000008F65C9 /* Build configuration list for PBXProject "MovieProject" */ = {
			isa = XCConfigurationList;
			buildConfigurations = (
				D1ACF2F6291F9001008F65C9 /* Debug */,
				D1ACF2F7291F9001008F65C9 /* Release */,
			);
			defaultConfigurationIsVisible = 0;
			defaultConfigurationName = Release;
		};
		D1ACF2F8291F9001008F65C9 /* Build configuration list for PBXNativeTarget "MovieProject" */ = {
			isa = XCConfigurationList;
			buildConfigurations = (
				D1ACF2F9291F9001008F65C9 /* Debug */,
				D1ACF2FA291F9001008F65C9 /* Release */,
			);
			defaultConfigurationIsVisible = 0;
			defaultConfigurationName = Release;
		};
/* End XCConfigurationList section */

/* Begin XCVersionGroup section */
		D1ACF2ED291F9000008F65C9 /* MovieProject.xcdatamodeld */ = {
			isa = XCVersionGroup;
			children = (
				D1ACF2EE291F9000008F65C9 /* MovieProject.xcdatamodel */,
			);
			currentVersion = D1ACF2EE291F9000008F65C9 /* MovieProject.xcdatamodel */;
			path = MovieProject.xcdatamodeld;
			sourceTree = "<group>";
			versionGroupType = wrapper.xcdatamodel;
		};
/* End XCVersionGroup section */
	};
	rootObject = D1ACF2D9291F9000008F65C9 /* Project object */;
}
